
Microsoft Visual Studio Solution File, Format Version 12.00
# Visual Studio Version 17
VisualStudioVersion = 17.9.34902.65
MinimumVisualStudioVersion = 10.0.40219.1
Project("{9A19103F-16F7-4668-BE54-9A1E7A4F7556}") = "EjercicioClases", "..\EjercicioClases.csproj", "{DFC2B749-C935-4553-8A2D-F00BA5132F37}"
EndProject
Project("{9A19103F-16F7-4668-BE54-9A1E7A4F7556}") = "BasicoTypeScript", "..\TypeScriptBasico\BasicoTypeScript.csproj", "{3EB77F38-73C0-46C5-86CA-536CE74BAE76}"
EndProject
Global
	GlobalSection(SolutionConfigurationPlatforms) = preSolution
		Debug|Any CPU = Debug|Any CPU
		Release|Any CPU = Release|Any CPU
	EndGlobalSection
	GlobalSection(ProjectConfigurationPlatforms) = postSolution
		{DFC2B749-C935-4553-8A2D-F00BA5132F37}.Debug|Any CPU.ActiveCfg = Debug|Any CPU
		{DFC2B749-C935-4553-8A2D-F00BA5132F37}.Debug|Any CPU.Build.0 = Debug|Any CPU
		{DFC2B749-C935-4553-8A2D-F00BA5132F37}.Release|Any CPU.ActiveCfg = Release|Any CPU
		{DFC2B749-C935-4553-8A2D-F00BA5132F37}.Release|Any CPU.Build.0 = Release|Any CPU
		{3EB77F38-73C0-46C5-86CA-536CE74BAE76}.Debug|Any CPU.ActiveCfg = Debug|Any CPU
		{3EB77F38-73C0-46C5-86CA-536CE74BAE76}.Debug|Any CPU.Build.0 = Debug|Any CPU
		{3EB77F38-73C0-46C5-86CA-536CE74BAE76}.Release|Any CPU.ActiveCfg = Release|Any CPU
		{3EB77F38-73C0-46C5-86CA-536CE74BAE76}.Release|Any CPU.Build.0 = Release|Any CPU
	EndGlobalSection
	GlobalSection(SolutionProperties) = preSolution
		HideSolutionNode = FALSE
	EndGlobalSection
	GlobalSection(ExtensibilityGlobals) = postSolution
		SolutionGuid = {C4F6638A-E6F6-42BD-8805-080E98FF0DFB}
	EndGlobalSection
EndGlobal
